
Microsoft Visual Studio Solution File, Format Version 12.00
# Visual Studio Version 16
VisualStudioVersion = 16.0.30114.105
MinimumVisualStudioVersion = 10.0.40219.1
Project("{FAE04EC0-301F-11D3-BF4B-00C04F79EFBC}") = "kata", "kata\kata.csproj", "{29170141-FF78-45A9-B140-082C583B0DC9}"
EndProject
Project("{FAE04EC0-301F-11D3-BF4B-00C04F79EFBC}") = "test", "test\test.csproj", "{CE6BBA51-D05B-4181-962D-F5119FC84F5C}"
EndProject
Global
	GlobalSection(SolutionConfigurationPlatforms) = preSolution
		Debug|Any CPU = Debug|Any CPU
		Release|Any CPU = Release|Any CPU
	EndGlobalSection
	GlobalSection(SolutionProperties) = preSolution
		HideSolutionNode = FALSE
	EndGlobalSection
	GlobalSection(ProjectConfigurationPlatforms) = postSolution
		{29170141-FF78-45A9-B140-082C583B0DC9}.Debug|Any CPU.ActiveCfg = Debug|Any CPU
		{29170141-FF78-45A9-B140-082C583B0DC9}.Debug|Any CPU.Build.0 = Debug|Any CPU
		{29170141-FF78-45A9-B140-082C583B0DC9}.Release|Any CPU.ActiveCfg = Release|Any CPU
		{29170141-FF78-45A9-B140-082C583B0DC9}.Release|Any CPU.Build.0 = Release|Any CPU
		{CE6BBA51-D05B-4181-962D-F5119FC84F5C}.Debug|Any CPU.ActiveCfg = Debug|Any CPU
		{CE6BBA51-D05B-4181-962D-F5119FC84F5C}.Debug|Any CPU.Build.0 = Debug|Any CPU
		{CE6BBA51-D05B-4181-962D-F5119FC84F5C}.Release|Any CPU.ActiveCfg = Release|Any CPU
		{CE6BBA51-D05B-4181-962D-F5119FC84F5C}.Release|Any CPU.Build.0 = Release|Any CPU
	EndGlobalSection
EndGlobal
