
Microsoft Visual Studio Solution File, Format Version 12.00
# Visual Studio Version 17
VisualStudioVersion = 17.0.31903.59
MinimumVisualStudioVersion = 10.0.40219.1
Project("{FAE04EC0-301F-11D3-BF4B-00C04F79EFBC}") = "kata", "kata\kata.csproj", "{745D1B72-D167-4E66-AD6D-2CA7D96269E5}"
EndProject
Project("{FAE04EC0-301F-11D3-BF4B-00C04F79EFBC}") = "test", "test\test.csproj", "{214802F9-91F6-4D76-A5AE-8A40E0366509}"
EndProject
Global
	GlobalSection(SolutionConfigurationPlatforms) = preSolution
		Debug|Any CPU = Debug|Any CPU
		Release|Any CPU = Release|Any CPU
	EndGlobalSection
	GlobalSection(SolutionProperties) = preSolution
		HideSolutionNode = FALSE
	EndGlobalSection
	GlobalSection(ProjectConfigurationPlatforms) = postSolution
		{745D1B72-D167-4E66-AD6D-2CA7D96269E5}.Debug|Any CPU.ActiveCfg = Debug|Any CPU
		{745D1B72-D167-4E66-AD6D-2CA7D96269E5}.Debug|Any CPU.Build.0 = Debug|Any CPU
		{745D1B72-D167-4E66-AD6D-2CA7D96269E5}.Release|Any CPU.ActiveCfg = Release|Any CPU
		{745D1B72-D167-4E66-AD6D-2CA7D96269E5}.Release|Any CPU.Build.0 = Release|Any CPU
		{214802F9-91F6-4D76-A5AE-8A40E0366509}.Debug|Any CPU.ActiveCfg = Debug|Any CPU
		{214802F9-91F6-4D76-A5AE-8A40E0366509}.Debug|Any CPU.Build.0 = Debug|Any CPU
		{214802F9-91F6-4D76-A5AE-8A40E0366509}.Release|Any CPU.ActiveCfg = Release|Any CPU
		{214802F9-91F6-4D76-A5AE-8A40E0366509}.Release|Any CPU.Build.0 = Release|Any CPU
	EndGlobalSection
EndGlobal
